// !$*UTF8*$!
{
	archiveVersion = 1;
	classes = {
	};
	objectVersion = 56;
	objects = {

/* Begin PBXBuildFile section */
		130AB0F22A1C45AC00FD0B69 /* vanillaBKApp.swift in Sources */ = {isa = PBXBuildFile; fileRef = 130AB0F12A1C45AC00FD0B69 /* vanillaBKApp.swift */; };
		130AB0F42A1C45AC00FD0B69 /* ContentView.swift in Sources */ = {isa = PBXBuildFile; fileRef = 130AB0F32A1C45AC00FD0B69 /* ContentView.swift */; };
		130AB1032A1C45AD00FD0B69 /* vanillaBKTests.swift in Sources */ = {isa = PBXBuildFile; fileRef = 130AB1022A1C45AD00FD0B69 /* vanillaBKTests.swift */; };
		130AB10D2A1C45AD00FD0B69 /* vanillaBKUITests.swift in Sources */ = {isa = PBXBuildFile; fileRef = 130AB10C2A1C45AD00FD0B69 /* vanillaBKUITests.swift */; };
		130AB10F2A1C45AD00FD0B69 /* vanillaBKUITestsLaunchTests.swift in Sources */ = {isa = PBXBuildFile; fileRef = 130AB10E2A1C45AD00FD0B69 /* vanillaBKUITestsLaunchTests.swift */; };
		8B7505F02A29728C00937D09 /* profile-user.png in Resources */ = {isa = PBXBuildFile; fileRef = 8B7505E22A29728C00937D09 /* profile-user.png */; };
		8B7505F12A29728C00937D09 /* Assets.xcassets in Resources */ = {isa = PBXBuildFile; fileRef = 8B7505E32A29728C00937D09 /* Assets.xcassets */; };
		8B7505F22A29728C00937D09 /* Preview Assets.xcassets in Resources */ = {isa = PBXBuildFile; fileRef = 8B7505E52A29728C00937D09 /* Preview Assets.xcassets */; };
		8B7505F32A29728C00937D09 /* Dashboardview.swift in Sources */ = {isa = PBXBuildFile; fileRef = 8B7505E72A29728C00937D09 /* Dashboardview.swift */; };
		8B7505F42A29728C00937D09 /* LoginView.swift in Sources */ = {isa = PBXBuildFile; fileRef = 8B7505E82A29728C00937D09 /* LoginView.swift */; };
		8B7505F52A29728C00937D09 /* Imageview.swift in Sources */ = {isa = PBXBuildFile; fileRef = 8B7505E92A29728C00937D09 /* Imageview.swift */; };
		8B7505F62A29728C00937D09 /* MovementsView.swift in Sources */ = {isa = PBXBuildFile; fileRef = 8B7505EB2A29728C00937D09 /* MovementsView.swift */; };
		8B7505F72A29728C00937D09 /* TransferView.swift in Sources */ = {isa = PBXBuildFile; fileRef = 8B7505ED2A29728C00937D09 /* TransferView.swift */; };
		8B7505F82A29728C00937D09 /* UserProfile.swift in Sources */ = {isa = PBXBuildFile; fileRef = 8B7505EF2A29728C00937D09 /* UserProfile.swift */; };
		8B7505FC2A2974FC00937D09 /* UserModel.xcdatamodeld in Sources */ = {isa = PBXBuildFile; fileRef = 8B7505FA2A2974FC00937D09 /* UserModel.xcdatamodeld */; };
		8B7505FE2A29755C00937D09 /* UserController.swift in Sources */ = {isa = PBXBuildFile; fileRef = 8B7505FD2A29755C00937D09 /* UserController.swift */; };
		8B7506002A29759700937D09 /* UserViewModel.swift in Sources */ = {isa = PBXBuildFile; fileRef = 8B7505FF2A29759700937D09 /* UserViewModel.swift */; };
		8B7506022A29784600937D09 /* UsersView.swift in Sources */ = {isa = PBXBuildFile; fileRef = 8B7506012A29784600937D09 /* UsersView.swift */; };
		8B7506042A297A9900937D09 /* Movement.swift in Sources */ = {isa = PBXBuildFile; fileRef = 8B7506032A297A9900937D09 /* Movement.swift */; };
		8B7506062A297C4A00937D09 /* CentralBankAPI.swift in Sources */ = {isa = PBXBuildFile; fileRef = 8B7506052A297C4A00937D09 /* CentralBankAPI.swift */; };
		8BE370CE2A2EBFF300F8AD34 /* Login.swift in Sources */ = {isa = PBXBuildFile; fileRef = 8BE370CD2A2EBFF300F8AD34 /* Login.swift */; };
/* End PBXBuildFile section */

/* Begin PBXContainerItemProxy section */
		130AB0FF2A1C45AD00FD0B69 /* PBXContainerItemProxy */ = {
			isa = PBXContainerItemProxy;
			containerPortal = 130AB0E62A1C45AC00FD0B69 /* Project object */;
			proxyType = 1;
			remoteGlobalIDString = 130AB0ED2A1C45AC00FD0B69;
			remoteInfo = vanillaBK;
		};
		130AB1092A1C45AD00FD0B69 /* PBXContainerItemProxy */ = {
			isa = PBXContainerItemProxy;
			containerPortal = 130AB0E62A1C45AC00FD0B69 /* Project object */;
			proxyType = 1;
			remoteGlobalIDString = 130AB0ED2A1C45AC00FD0B69;
			remoteInfo = vanillaBK;
		};
/* End PBXContainerItemProxy section */

/* Begin PBXFileReference section */
		130AB0EE2A1C45AC00FD0B69 /* vanillaBK.app */ = {isa = PBXFileReference; explicitFileType = wrapper.application; includeInIndex = 0; path = vanillaBK.app; sourceTree = BUILT_PRODUCTS_DIR; };
		130AB0F12A1C45AC00FD0B69 /* vanillaBKApp.swift */ = {isa = PBXFileReference; lastKnownFileType = sourcecode.swift; path = vanillaBKApp.swift; sourceTree = "<group>"; };
		130AB0F32A1C45AC00FD0B69 /* ContentView.swift */ = {isa = PBXFileReference; lastKnownFileType = sourcecode.swift; path = ContentView.swift; sourceTree = "<group>"; };
		130AB0FE2A1C45AD00FD0B69 /* vanillaBKTests.xctest */ = {isa = PBXFileReference; explicitFileType = wrapper.cfbundle; includeInIndex = 0; path = vanillaBKTests.xctest; sourceTree = BUILT_PRODUCTS_DIR; };
		130AB1022A1C45AD00FD0B69 /* vanillaBKTests.swift */ = {isa = PBXFileReference; lastKnownFileType = sourcecode.swift; path = vanillaBKTests.swift; sourceTree = "<group>"; };
		130AB1082A1C45AD00FD0B69 /* vanillaBKUITests.xctest */ = {isa = PBXFileReference; explicitFileType = wrapper.cfbundle; includeInIndex = 0; path = vanillaBKUITests.xctest; sourceTree = BUILT_PRODUCTS_DIR; };
		130AB10C2A1C45AD00FD0B69 /* vanillaBKUITests.swift */ = {isa = PBXFileReference; lastKnownFileType = sourcecode.swift; path = vanillaBKUITests.swift; sourceTree = "<group>"; };
		130AB10E2A1C45AD00FD0B69 /* vanillaBKUITestsLaunchTests.swift */ = {isa = PBXFileReference; lastKnownFileType = sourcecode.swift; path = vanillaBKUITestsLaunchTests.swift; sourceTree = "<group>"; };
		8B7505E22A29728C00937D09 /* profile-user.png */ = {isa = PBXFileReference; lastKnownFileType = image.png; path = "profile-user.png"; sourceTree = "<group>"; };
		8B7505E32A29728C00937D09 /* Assets.xcassets */ = {isa = PBXFileReference; lastKnownFileType = folder.assetcatalog; path = Assets.xcassets; sourceTree = "<group>"; };
		8B7505E52A29728C00937D09 /* Preview Assets.xcassets */ = {isa = PBXFileReference; lastKnownFileType = folder.assetcatalog; path = "Preview Assets.xcassets"; sourceTree = "<group>"; };
		8B7505E72A29728C00937D09 /* Dashboardview.swift */ = {isa = PBXFileReference; fileEncoding = 4; lastKnownFileType = sourcecode.swift; path = Dashboardview.swift; sourceTree = "<group>"; };
		8B7505E82A29728C00937D09 /* LoginView.swift */ = {isa = PBXFileReference; fileEncoding = 4; lastKnownFileType = sourcecode.swift; path = LoginView.swift; sourceTree = "<group>"; };
		8B7505E92A29728C00937D09 /* Imageview.swift */ = {isa = PBXFileReference; fileEncoding = 4; lastKnownFileType = sourcecode.swift; path = Imageview.swift; sourceTree = "<group>"; };
		8B7505EB2A29728C00937D09 /* MovementsView.swift */ = {isa = PBXFileReference; fileEncoding = 4; lastKnownFileType = sourcecode.swift; path = MovementsView.swift; sourceTree = "<group>"; };
		8B7505ED2A29728C00937D09 /* TransferView.swift */ = {isa = PBXFileReference; fileEncoding = 4; lastKnownFileType = sourcecode.swift; path = TransferView.swift; sourceTree = "<group>"; };
		8B7505EF2A29728C00937D09 /* UserProfile.swift */ = {isa = PBXFileReference; fileEncoding = 4; lastKnownFileType = sourcecode.swift; path = UserProfile.swift; sourceTree = "<group>"; };
		8B7505FB2A2974FC00937D09 /* UserModel.xcdatamodel */ = {isa = PBXFileReference; lastKnownFileType = wrapper.xcdatamodel; path = UserModel.xcdatamodel; sourceTree = "<group>"; };
		8B7505FD2A29755C00937D09 /* UserController.swift */ = {isa = PBXFileReference; lastKnownFileType = sourcecode.swift; path = UserController.swift; sourceTree = "<group>"; };
		8B7505FF2A29759700937D09 /* UserViewModel.swift */ = {isa = PBXFileReference; lastKnownFileType = sourcecode.swift; path = UserViewModel.swift; sourceTree = "<group>"; };
		8B7506012A29784600937D09 /* UsersView.swift */ = {isa = PBXFileReference; lastKnownFileType = sourcecode.swift; path = UsersView.swift; sourceTree = "<group>"; };
		8B7506032A297A9900937D09 /* Movement.swift */ = {isa = PBXFileReference; lastKnownFileType = sourcecode.swift; path = Movement.swift; sourceTree = "<group>"; };
		8B7506052A297C4A00937D09 /* CentralBankAPI.swift */ = {isa = PBXFileReference; lastKnownFileType = sourcecode.swift; path = CentralBankAPI.swift; sourceTree = "<group>"; };
		8BE370CD2A2EBFF300F8AD34 /* Login.swift */ = {isa = PBXFileReference; lastKnownFileType = sourcecode.swift; path = Login.swift; sourceTree = "<group>"; };
/* End PBXFileReference section */

/* Begin PBXFrameworksBuildPhase section */
		130AB0EB2A1C45AC00FD0B69 /* Frameworks */ = {
			isa = PBXFrameworksBuildPhase;
			buildActionMask = 2147483647;
			files = (
			);
			runOnlyForDeploymentPostprocessing = 0;
		};
		130AB0FB2A1C45AD00FD0B69 /* Frameworks */ = {
			isa = PBXFrameworksBuildPhase;
			buildActionMask = 2147483647;
			files = (
			);
			runOnlyForDeploymentPostprocessing = 0;
		};
		130AB1052A1C45AD00FD0B69 /* Frameworks */ = {
			isa = PBXFrameworksBuildPhase;
			buildActionMask = 2147483647;
			files = (
			);
			runOnlyForDeploymentPostprocessing = 0;
		};
/* End PBXFrameworksBuildPhase section */

/* Begin PBXGroup section */
		130AB0E52A1C45AC00FD0B69 = {
			isa = PBXGroup;
			children = (
				130AB0F02A1C45AC00FD0B69 /* vanillaBK */,
				130AB1012A1C45AD00FD0B69 /* vanillaBKTests */,
				130AB10B2A1C45AD00FD0B69 /* vanillaBKUITests */,
				130AB0EF2A1C45AC00FD0B69 /* Products */,
			);
			sourceTree = "<group>";
		};
		130AB0EF2A1C45AC00FD0B69 /* Products */ = {
			isa = PBXGroup;
			children = (
				130AB0EE2A1C45AC00FD0B69 /* vanillaBK.app */,
				130AB0FE2A1C45AD00FD0B69 /* vanillaBKTests.xctest */,
				130AB1082A1C45AD00FD0B69 /* vanillaBKUITests.xctest */,
			);
			name = Products;
			sourceTree = "<group>";
		};
		130AB0F02A1C45AC00FD0B69 /* vanillaBK */ = {
			isa = PBXGroup;
			children = (
				8B7505E02A29728C00937D09 /* src */,
				130AB0F12A1C45AC00FD0B69 /* vanillaBKApp.swift */,
				130AB0F32A1C45AC00FD0B69 /* ContentView.swift */,
			);
			path = vanillaBK;
			sourceTree = "<group>";
		};
		130AB1012A1C45AD00FD0B69 /* vanillaBKTests */ = {
			isa = PBXGroup;
			children = (
				130AB1022A1C45AD00FD0B69 /* vanillaBKTests.swift */,
			);
			path = vanillaBKTests;
			sourceTree = "<group>";
		};
		130AB10B2A1C45AD00FD0B69 /* vanillaBKUITests */ = {
			isa = PBXGroup;
			children = (
				130AB10C2A1C45AD00FD0B69 /* vanillaBKUITests.swift */,
				130AB10E2A1C45AD00FD0B69 /* vanillaBKUITestsLaunchTests.swift */,
			);
			path = vanillaBKUITests;
			sourceTree = "<group>";
		};
		8B7505E02A29728C00937D09 /* src */ = {
			isa = PBXGroup;
			children = (
				8B7505F92A2974D700937D09 /* User */,
				8B7505E12A29728C00937D09 /* images */,
				8B7505E32A29728C00937D09 /* Assets.xcassets */,
				8B7505E42A29728C00937D09 /* Preview Content */,
				8B7505E62A29728C00937D09 /* Dashboard */,
				8B7505EA2A29728C00937D09 /* Movements */,
				8B7505EC2A29728C00937D09 /* TransferView */,
				8B7505EE2A29728C00937D09 /* userProfile */,
			);
			path = src;
			sourceTree = "<group>";
		};
		8B7505E12A29728C00937D09 /* images */ = {
			isa = PBXGroup;
			children = (
				8B7505E22A29728C00937D09 /* profile-user.png */,
			);
			path = images;
			sourceTree = "<group>";
		};
		8B7505E42A29728C00937D09 /* Preview Content */ = {
			isa = PBXGroup;
			children = (
				8B7505E52A29728C00937D09 /* Preview Assets.xcassets */,
			);
			path = "Preview Content";
			sourceTree = "<group>";
		};
		8B7505E62A29728C00937D09 /* Dashboard */ = {
			isa = PBXGroup;
			children = (
				8B7505E72A29728C00937D09 /* Dashboardview.swift */,
				8B7505E82A29728C00937D09 /* LoginView.swift */,
				8B7505E92A29728C00937D09 /* Imageview.swift */,
			);
			path = Dashboard;
			sourceTree = "<group>";
		};
		8B7505EA2A29728C00937D09 /* Movements */ = {
			isa = PBXGroup;
			children = (
				8B7505EB2A29728C00937D09 /* MovementsView.swift */,
				8B7506032A297A9900937D09 /* Movement.swift */,
				8B7506052A297C4A00937D09 /* CentralBankAPI.swift */,
				8BE370CD2A2EBFF300F8AD34 /* Login.swift */,
			);
			path = Movements;
			sourceTree = "<group>";
		};
		8B7505EC2A29728C00937D09 /* TransferView */ = {
			isa = PBXGroup;
			children = (
				8B7505ED2A29728C00937D09 /* TransferView.swift */,
			);
			path = TransferView;
			sourceTree = "<group>";
		};
		8B7505EE2A29728C00937D09 /* userProfile */ = {
			isa = PBXGroup;
			children = (
				8B7505EF2A29728C00937D09 /* UserProfile.swift */,
			);
			path = userProfile;
			sourceTree = "<group>";
		};
		8B7505F92A2974D700937D09 /* User */ = {
			isa = PBXGroup;
			children = (
				8B7505FA2A2974FC00937D09 /* UserModel.xcdatamodeld */,
				8B7505FD2A29755C00937D09 /* UserController.swift */,
				8B7505FF2A29759700937D09 /* UserViewModel.swift */,
				8B7506012A29784600937D09 /* UsersView.swift */,
			);
			path = User;
			sourceTree = "<group>";
		};
/* End PBXGroup section */

/* Begin PBXNativeTarget section */
		130AB0ED2A1C45AC00FD0B69 /* vanillaBK */ = {
			isa = PBXNativeTarget;
			buildConfigurationList = 130AB1122A1C45AD00FD0B69 /* Build configuration list for PBXNativeTarget "vanillaBK" */;
			buildPhases = (
				130AB0EA2A1C45AC00FD0B69 /* Sources */,
				130AB0EB2A1C45AC00FD0B69 /* Frameworks */,
				130AB0EC2A1C45AC00FD0B69 /* Resources */,
			);
			buildRules = (
			);
			dependencies = (
			);
			name = vanillaBK;
			productName = vanillaBK;
			productReference = 130AB0EE2A1C45AC00FD0B69 /* vanillaBK.app */;
			productType = "com.apple.product-type.application";
		};
		130AB0FD2A1C45AD00FD0B69 /* vanillaBKTests */ = {
			isa = PBXNativeTarget;
			buildConfigurationList = 130AB1152A1C45AD00FD0B69 /* Build configuration list for PBXNativeTarget "vanillaBKTests" */;
			buildPhases = (
				130AB0FA2A1C45AD00FD0B69 /* Sources */,
				130AB0FB2A1C45AD00FD0B69 /* Frameworks */,
				130AB0FC2A1C45AD00FD0B69 /* Resources */,
			);
			buildRules = (
			);
			dependencies = (
				130AB1002A1C45AD00FD0B69 /* PBXTargetDependency */,
			);
			name = vanillaBKTests;
			productName = vanillaBKTests;
			productReference = 130AB0FE2A1C45AD00FD0B69 /* vanillaBKTests.xctest */;
			productType = "com.apple.product-type.bundle.unit-test";
		};
		130AB1072A1C45AD00FD0B69 /* vanillaBKUITests */ = {
			isa = PBXNativeTarget;
			buildConfigurationList = 130AB1182A1C45AD00FD0B69 /* Build configuration list for PBXNativeTarget "vanillaBKUITests" */;
			buildPhases = (
				130AB1042A1C45AD00FD0B69 /* Sources */,
				130AB1052A1C45AD00FD0B69 /* Frameworks */,
				130AB1062A1C45AD00FD0B69 /* Resources */,
			);
			buildRules = (
			);
			dependencies = (
				130AB10A2A1C45AD00FD0B69 /* PBXTargetDependency */,
			);
			name = vanillaBKUITests;
			productName = vanillaBKUITests;
			productReference = 130AB1082A1C45AD00FD0B69 /* vanillaBKUITests.xctest */;
			productType = "com.apple.product-type.bundle.ui-testing";
		};
/* End PBXNativeTarget section */

/* Begin PBXProject section */
		130AB0E62A1C45AC00FD0B69 /* Project object */ = {
			isa = PBXProject;
			attributes = {
				BuildIndependentTargetsInParallel = 1;
				LastSwiftUpdateCheck = 1430;
				LastUpgradeCheck = 1430;
				TargetAttributes = {
					130AB0ED2A1C45AC00FD0B69 = {
						CreatedOnToolsVersion = 14.3;
					};
					130AB0FD2A1C45AD00FD0B69 = {
						CreatedOnToolsVersion = 14.3;
						TestTargetID = 130AB0ED2A1C45AC00FD0B69;
					};
					130AB1072A1C45AD00FD0B69 = {
						CreatedOnToolsVersion = 14.3;
						TestTargetID = 130AB0ED2A1C45AC00FD0B69;
					};
				};
			};
			buildConfigurationList = 130AB0E92A1C45AC00FD0B69 /* Build configuration list for PBXProject "vanillaBK" */;
			compatibilityVersion = "Xcode 14.0";
			developmentRegion = en;
			hasScannedForEncodings = 0;
			knownRegions = (
				en,
				Base,
			);
			mainGroup = 130AB0E52A1C45AC00FD0B69;
			productRefGroup = 130AB0EF2A1C45AC00FD0B69 /* Products */;
			projectDirPath = "";
			projectRoot = "";
			targets = (
				130AB0ED2A1C45AC00FD0B69 /* vanillaBK */,
				130AB0FD2A1C45AD00FD0B69 /* vanillaBKTests */,
				130AB1072A1C45AD00FD0B69 /* vanillaBKUITests */,
			);
		};
/* End PBXProject section */

/* Begin PBXResourcesBuildPhase section */
		130AB0EC2A1C45AC00FD0B69 /* Resources */ = {
			isa = PBXResourcesBuildPhase;
			buildActionMask = 2147483647;
			files = (
				8B7505F02A29728C00937D09 /* profile-user.png in Resources */,
				8B7505F22A29728C00937D09 /* Preview Assets.xcassets in Resources */,
				8B7505F12A29728C00937D09 /* Assets.xcassets in Resources */,
			);
			runOnlyForDeploymentPostprocessing = 0;
		};
		130AB0FC2A1C45AD00FD0B69 /* Resources */ = {
			isa = PBXResourcesBuildPhase;
			buildActionMask = 2147483647;
			files = (
			);
			runOnlyForDeploymentPostprocessing = 0;
		};
		130AB1062A1C45AD00FD0B69 /* Resources */ = {
			isa = PBXResourcesBuildPhase;
			buildActionMask = 2147483647;
			files = (
			);
			runOnlyForDeploymentPostprocessing = 0;
		};
/* End PBXResourcesBuildPhase section */

/* Begin PBXSourcesBuildPhase section */
		130AB0EA2A1C45AC00FD0B69 /* Sources */ = {
			isa = PBXSourcesBuildPhase;
			buildActionMask = 2147483647;
			files = (
				8B7505F52A29728C00937D09 /* Imageview.swift in Sources */,
				8B7506002A29759700937D09 /* UserViewModel.swift in Sources */,
				8B7505F72A29728C00937D09 /* TransferView.swift in Sources */,
				8B7506042A297A9900937D09 /* Movement.swift in Sources */,
				8B7506062A297C4A00937D09 /* CentralBankAPI.swift in Sources */,
				8B7505FE2A29755C00937D09 /* UserController.swift in Sources */,
				8BE370CE2A2EBFF300F8AD34 /* Login.swift in Sources */,
				8B7505F42A29728C00937D09 /* LoginView.swift in Sources */,
				8B7505F32A29728C00937D09 /* Dashboardview.swift in Sources */,
				8B7505F82A29728C00937D09 /* UserProfile.swift in Sources */,
				130AB0F42A1C45AC00FD0B69 /* ContentView.swift in Sources */,
				8B7505F62A29728C00937D09 /* MovementsView.swift in Sources */,
				130AB0F22A1C45AC00FD0B69 /* vanillaBKApp.swift in Sources */,
				8B7505FC2A2974FC00937D09 /* UserModel.xcdatamodeld in Sources */,
				8B7506022A29784600937D09 /* UsersView.swift in Sources */,
			);
			runOnlyForDeploymentPostprocessing = 0;
		};
		130AB0FA2A1C45AD00FD0B69 /* Sources */ = {
			isa = PBXSourcesBuildPhase;
			buildActionMask = 2147483647;
			files = (
				130AB1032A1C45AD00FD0B69 /* vanillaBKTests.swift in Sources */,
			);
			runOnlyForDeploymentPostprocessing = 0;
		};
		130AB1042A1C45AD00FD0B69 /* Sources */ = {
			isa = PBXSourcesBuildPhase;
			buildActionMask = 2147483647;
			files = (
				130AB10D2A1C45AD00FD0B69 /* vanillaBKUITests.swift in Sources */,
				130AB10F2A1C45AD00FD0B69 /* vanillaBKUITestsLaunchTests.swift in Sources */,
			);
			runOnlyForDeploymentPostprocessing = 0;
		};
/* End PBXSourcesBuildPhase section */

/* Begin PBXTargetDependency section */
		130AB1002A1C45AD00FD0B69 /* PBXTargetDependency */ = {
			isa = PBXTargetDependency;
			target = 130AB0ED2A1C45AC00FD0B69 /* vanillaBK */;
			targetProxy = 130AB0FF2A1C45AD00FD0B69 /* PBXContainerItemProxy */;
		};
		130AB10A2A1C45AD00FD0B69 /* PBXTargetDependency */ = {
			isa = PBXTargetDependency;
			target = 130AB0ED2A1C45AC00FD0B69 /* vanillaBK */;
			targetProxy = 130AB1092A1C45AD00FD0B69 /* PBXContainerItemProxy */;
		};
/* End PBXTargetDependency section */

/* Begin XCBuildConfiguration section */
		130AB1102A1C45AD00FD0B69 /* Debug */ = {
			isa = XCBuildConfiguration;
			buildSettings = {
				ALWAYS_SEARCH_USER_PATHS = NO;
				CLANG_ANALYZER_NONNULL = YES;
				CLANG_ANALYZER_NUMBER_OBJECT_CONVERSION = YES_AGGRESSIVE;
				CLANG_CXX_LANGUAGE_STANDARD = "gnu++20";
				CLANG_ENABLE_MODULES = YES;
				CLANG_ENABLE_OBJC_ARC = YES;
				CLANG_ENABLE_OBJC_WEAK = YES;
				CLANG_WARN_BLOCK_CAPTURE_AUTORELEASING = YES;
				CLANG_WARN_BOOL_CONVERSION = YES;
				CLANG_WARN_COMMA = YES;
				CLANG_WARN_CONSTANT_CONVERSION = YES;
				CLANG_WARN_DEPRECATED_OBJC_IMPLEMENTATIONS = YES;
				CLANG_WARN_DIRECT_OBJC_ISA_USAGE = YES_ERROR;
				CLANG_WARN_DOCUMENTATION_COMMENTS = YES;
				CLANG_WARN_EMPTY_BODY = YES;
				CLANG_WARN_ENUM_CONVERSION = YES;
				CLANG_WARN_INFINITE_RECURSION = YES;
				CLANG_WARN_INT_CONVERSION = YES;
				CLANG_WARN_NON_LITERAL_NULL_CONVERSION = YES;
				CLANG_WARN_OBJC_IMPLICIT_RETAIN_SELF = YES;
				CLANG_WARN_OBJC_LITERAL_CONVERSION = YES;
				CLANG_WARN_OBJC_ROOT_CLASS = YES_ERROR;
				CLANG_WARN_QUOTED_INCLUDE_IN_FRAMEWORK_HEADER = YES;
				CLANG_WARN_RANGE_LOOP_ANALYSIS = YES;
				CLANG_WARN_STRICT_PROTOTYPES = YES;
				CLANG_WARN_SUSPICIOUS_MOVE = YES;
				CLANG_WARN_UNGUARDED_AVAILABILITY = YES_AGGRESSIVE;
				CLANG_WARN_UNREACHABLE_CODE = YES;
				CLANG_WARN__DUPLICATE_METHOD_MATCH = YES;
				COPY_PHASE_STRIP = NO;
				DEBUG_INFORMATION_FORMAT = dwarf;
				ENABLE_STRICT_OBJC_MSGSEND = YES;
				ENABLE_TESTABILITY = YES;
				GCC_C_LANGUAGE_STANDARD = gnu11;
				GCC_DYNAMIC_NO_PIC = NO;
				GCC_NO_COMMON_BLOCKS = YES;
				GCC_OPTIMIZATION_LEVEL = 0;
				GCC_PREPROCESSOR_DEFINITIONS = (
					"DEBUG=1",
					"$(inherited)",
				);
				GCC_WARN_64_TO_32_BIT_CONVERSION = YES;
				GCC_WARN_ABOUT_RETURN_TYPE = YES_ERROR;
				GCC_WARN_UNDECLARED_SELECTOR = YES;
				GCC_WARN_UNINITIALIZED_AUTOS = YES_AGGRESSIVE;
				GCC_WARN_UNUSED_FUNCTION = YES;
				GCC_WARN_UNUSED_VARIABLE = YES;
				IPHONEOS_DEPLOYMENT_TARGET = 16.4;
				MTL_ENABLE_DEBUG_INFO = INCLUDE_SOURCE;
				MTL_FAST_MATH = YES;
				ONLY_ACTIVE_ARCH = YES;
				SDKROOT = iphoneos;
				SWIFT_ACTIVE_COMPILATION_CONDITIONS = DEBUG;
				SWIFT_OPTIMIZATION_LEVEL = "-Onone";
			};
			name = Debug;
		};
		130AB1112A1C45AD00FD0B69 /* Release */ = {
			isa = XCBuildConfiguration;
			buildSettings = {
				ALWAYS_SEARCH_USER_PATHS = NO;
				CLANG_ANALYZER_NONNULL = YES;
				CLANG_ANALYZER_NUMBER_OBJECT_CONVERSION = YES_AGGRESSIVE;
				CLANG_CXX_LANGUAGE_STANDARD = "gnu++20";
				CLANG_ENABLE_MODULES = YES;
				CLANG_ENABLE_OBJC_ARC = YES;
				CLANG_ENABLE_OBJC_WEAK = YES;
				CLANG_WARN_BLOCK_CAPTURE_AUTORELEASING = YES;
				CLANG_WARN_BOOL_CONVERSION = YES;
				CLANG_WARN_COMMA = YES;
				CLANG_WARN_CONSTANT_CONVERSION = YES;
				CLANG_WARN_DEPRECATED_OBJC_IMPLEMENTATIONS = YES;
				CLANG_WARN_DIRECT_OBJC_ISA_USAGE = YES_ERROR;
				CLANG_WARN_DOCUMENTATION_COMMENTS = YES;
				CLANG_WARN_EMPTY_BODY = YES;
				CLANG_WARN_ENUM_CONVERSION = YES;
				CLANG_WARN_INFINITE_RECURSION = YES;
				CLANG_WARN_INT_CONVERSION = YES;
				CLANG_WARN_NON_LITERAL_NULL_CONVERSION = YES;
				CLANG_WARN_OBJC_IMPLICIT_RETAIN_SELF = YES;
				CLANG_WARN_OBJC_LITERAL_CONVERSION = YES;
				CLANG_WARN_OBJC_ROOT_CLASS = YES_ERROR;
				CLANG_WARN_QUOTED_INCLUDE_IN_FRAMEWORK_HEADER = YES;
				CLANG_WARN_RANGE_LOOP_ANALYSIS = YES;
				CLANG_WARN_STRICT_PROTOTYPES = YES;
				CLANG_WARN_SUSPICIOUS_MOVE = YES;
				CLANG_WARN_UNGUARDED_AVAILABILITY = YES_AGGRESSIVE;
				CLANG_WARN_UNREACHABLE_CODE = YES;
				CLANG_WARN__DUPLICATE_METHOD_MATCH = YES;
				COPY_PHASE_STRIP = NO;
				DEBUG_INFORMATION_FORMAT = "dwarf-with-dsym";
				ENABLE_NS_ASSERTIONS = NO;
				ENABLE_STRICT_OBJC_MSGSEND = YES;
				GCC_C_LANGUAGE_STANDARD = gnu11;
				GCC_NO_COMMON_BLOCKS = YES;
				GCC_WARN_64_TO_32_BIT_CONVERSION = YES;
				GCC_WARN_ABOUT_RETURN_TYPE = YES_ERROR;
				GCC_WARN_UNDECLARED_SELECTOR = YES;
				GCC_WARN_UNINITIALIZED_AUTOS = YES_AGGRESSIVE;
				GCC_WARN_UNUSED_FUNCTION = YES;
				GCC_WARN_UNUSED_VARIABLE = YES;
				IPHONEOS_DEPLOYMENT_TARGET = 16.4;
				MTL_ENABLE_DEBUG_INFO = NO;
				MTL_FAST_MATH = YES;
				SDKROOT = iphoneos;
				SWIFT_COMPILATION_MODE = wholemodule;
				SWIFT_OPTIMIZATION_LEVEL = "-O";
				VALIDATE_PRODUCT = YES;
			};
			name = Release;
		};
		130AB1132A1C45AD00FD0B69 /* Debug */ = {
			isa = XCBuildConfiguration;
			buildSettings = {
				ASSETCATALOG_COMPILER_APPICON_NAME = AppIcon;
				ASSETCATALOG_COMPILER_GLOBAL_ACCENT_COLOR_NAME = AccentColor;
				CODE_SIGN_STYLE = Automatic;
				CURRENT_PROJECT_VERSION = 1;
				DEVELOPMENT_ASSET_PATHS = "\"vanillaBK/src/Preview Content\"";
				ENABLE_PREVIEWS = YES;
				GENERATE_INFOPLIST_FILE = YES;
				INFOPLIST_KEY_UIApplicationSceneManifest_Generation = YES;
				INFOPLIST_KEY_UIApplicationSupportsIndirectInputEvents = YES;
				INFOPLIST_KEY_UILaunchScreen_Generation = YES;
				INFOPLIST_KEY_UISupportedInterfaceOrientations_iPad = "UIInterfaceOrientationPortrait UIInterfaceOrientationPortraitUpsideDown UIInterfaceOrientationLandscapeLeft UIInterfaceOrientationLandscapeRight";
				INFOPLIST_KEY_UISupportedInterfaceOrientations_iPhone = "UIInterfaceOrientationPortrait UIInterfaceOrientationLandscapeLeft UIInterfaceOrientationLandscapeRight";
				LD_RUNPATH_SEARCH_PATHS = (
					"$(inherited)",
					"@executable_path/Frameworks",
				);
				MARKETING_VERSION = 1.0;
				PRODUCT_BUNDLE_IDENTIFIER = com.myBank.vanillaBK;
				PRODUCT_NAME = "$(TARGET_NAME)";
				SWIFT_EMIT_LOC_STRINGS = YES;
				SWIFT_VERSION = 5.0;
				TARGETED_DEVICE_FAMILY = "1,2";
			};
			name = Debug;
		};
		130AB1142A1C45AD00FD0B69 /* Release */ = {
			isa = XCBuildConfiguration;
			buildSettings = {
				ASSETCATALOG_COMPILER_APPICON_NAME = AppIcon;
				ASSETCATALOG_COMPILER_GLOBAL_ACCENT_COLOR_NAME = AccentColor;
				CODE_SIGN_STYLE = Automatic;
				CURRENT_PROJECT_VERSION = 1;
				DEVELOPMENT_ASSET_PATHS = "\"vanillaBK/src/Preview Content\"";
				ENABLE_PREVIEWS = YES;
				GENERATE_INFOPLIST_FILE = YES;
				INFOPLIST_KEY_UIApplicationSceneManifest_Generation = YES;
				INFOPLIST_KEY_UIApplicationSupportsIndirectInputEvents = YES;
				INFOPLIST_KEY_UILaunchScreen_Generation = YES;
				INFOPLIST_KEY_UISupportedInterfaceOrientations_iPad = "UIInterfaceOrientationPortrait UIInterfaceOrientationPortraitUpsideDown UIInterfaceOrientationLandscapeLeft UIInterfaceOrientationLandscapeRight";
				INFOPLIST_KEY_UISupportedInterfaceOrientations_iPhone = "UIInterfaceOrientationPortrait UIInterfaceOrientationLandscapeLeft UIInterfaceOrientationLandscapeRight";
				LD_RUNPATH_SEARCH_PATHS = (
					"$(inherited)",
					"@executable_path/Frameworks",
				);
				MARKETING_VERSION = 1.0;
				PRODUCT_BUNDLE_IDENTIFIER = com.myBank.vanillaBK;
				PRODUCT_NAME = "$(TARGET_NAME)";
				SWIFT_EMIT_LOC_STRINGS = YES;
				SWIFT_VERSION = 5.0;
				TARGETED_DEVICE_FAMILY = "1,2";
			};
			name = Release;
		};
		130AB1162A1C45AD00FD0B69 /* Debug */ = {
			isa = XCBuildConfiguration;
			buildSettings = {
				ALWAYS_EMBED_SWIFT_STANDARD_LIBRARIES = YES;
				BUNDLE_LOADER = "$(TEST_HOST)";
				CODE_SIGN_STYLE = Automatic;
				CURRENT_PROJECT_VERSION = 1;
				GENERATE_INFOPLIST_FILE = YES;
				IPHONEOS_DEPLOYMENT_TARGET = 16.4;
				MARKETING_VERSION = 1.0;
				PRODUCT_BUNDLE_IDENTIFIER = com.myBank.vanillaBKTests;
				PRODUCT_NAME = "$(TARGET_NAME)";
				SWIFT_EMIT_LOC_STRINGS = NO;
				SWIFT_VERSION = 5.0;
				TARGETED_DEVICE_FAMILY = "1,2";
				TEST_HOST = "$(BUILT_PRODUCTS_DIR)/vanillaBK.app/$(BUNDLE_EXECUTABLE_FOLDER_PATH)/vanillaBK";
			};
			name = Debug;
		};
		130AB1172A1C45AD00FD0B69 /* Release */ = {
			isa = XCBuildConfiguration;
			buildSettings = {
				ALWAYS_EMBED_SWIFT_STANDARD_LIBRARIES = YES;
				BUNDLE_LOADER = "$(TEST_HOST)";
				CODE_SIGN_STYLE = Automatic;
				CURRENT_PROJECT_VERSION = 1;
				GENERATE_INFOPLIST_FILE = YES;
				IPHONEOS_DEPLOYMENT_TARGET = 16.4;
				MARKETING_VERSION = 1.0;
				PRODUCT_BUNDLE_IDENTIFIER = com.myBank.vanillaBKTests;
				PRODUCT_NAME = "$(TARGET_NAME)";
				SWIFT_EMIT_LOC_STRINGS = NO;
				SWIFT_VERSION = 5.0;
				TARGETED_DEVICE_FAMILY = "1,2";
				TEST_HOST = "$(BUILT_PRODUCTS_DIR)/vanillaBK.app/$(BUNDLE_EXECUTABLE_FOLDER_PATH)/vanillaBK";
			};
			name = Release;
		};
		130AB1192A1C45AD00FD0B69 /* Debug */ = {
			isa = XCBuildConfiguration;
			buildSettings = {
				ALWAYS_EMBED_SWIFT_STANDARD_LIBRARIES = YES;
				CODE_SIGN_STYLE = Automatic;
				CURRENT_PROJECT_VERSION = 1;
				GENERATE_INFOPLIST_FILE = YES;
				MARKETING_VERSION = 1.0;
				PRODUCT_BUNDLE_IDENTIFIER = com.myBank.vanillaBKUITests;
				PRODUCT_NAME = "$(TARGET_NAME)";
				SWIFT_EMIT_LOC_STRINGS = NO;
				SWIFT_VERSION = 5.0;
				TARGETED_DEVICE_FAMILY = "1,2";
				TEST_TARGET_NAME = vanillaBK;
			};
			name = Debug;
		};
		130AB11A2A1C45AD00FD0B69 /* Release */ = {
			isa = XCBuildConfiguration;
			buildSettings = {
				ALWAYS_EMBED_SWIFT_STANDARD_LIBRARIES = YES;
				CODE_SIGN_STYLE = Automatic;
				CURRENT_PROJECT_VERSION = 1;
				GENERATE_INFOPLIST_FILE = YES;
				MARKETING_VERSION = 1.0;
				PRODUCT_BUNDLE_IDENTIFIER = com.myBank.vanillaBKUITests;
				PRODUCT_NAME = "$(TARGET_NAME)";
				SWIFT_EMIT_LOC_STRINGS = NO;
				SWIFT_VERSION = 5.0;
				TARGETED_DEVICE_FAMILY = "1,2";
				TEST_TARGET_NAME = vanillaBK;
			};
			name = Release;
		};
/* End XCBuildConfiguration section */

/* Begin XCConfigurationList section */
		130AB0E92A1C45AC00FD0B69 /* Build configuration list for PBXProject "vanillaBK" */ = {
			isa = XCConfigurationList;
			buildConfigurations = (
				130AB1102A1C45AD00FD0B69 /* Debug */,
				130AB1112A1C45AD00FD0B69 /* Release */,
			);
			defaultConfigurationIsVisible = 0;
			defaultConfigurationName = Release;
		};
		130AB1122A1C45AD00FD0B69 /* Build configuration list for PBXNativeTarget "vanillaBK" */ = {
			isa = XCConfigurationList;
			buildConfigurations = (
				130AB1132A1C45AD00FD0B69 /* Debug */,
				130AB1142A1C45AD00FD0B69 /* Release */,
			);
			defaultConfigurationIsVisible = 0;
			defaultConfigurationName = Release;
		};
		130AB1152A1C45AD00FD0B69 /* Build configuration list for PBXNativeTarget "vanillaBKTests" */ = {
			isa = XCConfigurationList;
			buildConfigurations = (
				130AB1162A1C45AD00FD0B69 /* Debug */,
				130AB1172A1C45AD00FD0B69 /* Release */,
			);
			defaultConfigurationIsVisible = 0;
			defaultConfigurationName = Release;
		};
		130AB1182A1C45AD00FD0B69 /* Build configuration list for PBXNativeTarget "vanillaBKUITests" */ = {
			isa = XCConfigurationList;
			buildConfigurations = (
				130AB1192A1C45AD00FD0B69 /* Debug */,
				130AB11A2A1C45AD00FD0B69 /* Release */,
			);
			defaultConfigurationIsVisible = 0;
			defaultConfigurationName = Release;
		};
/* End XCConfigurationList section */

/* Begin XCVersionGroup section */
		8B7505FA2A2974FC00937D09 /* UserModel.xcdatamodeld */ = {
			isa = XCVersionGroup;
			children = (
				8B7505FB2A2974FC00937D09 /* UserModel.xcdatamodel */,
			);
			currentVersion = 8B7505FB2A2974FC00937D09 /* UserModel.xcdatamodel */;
			path = UserModel.xcdatamodeld;
			sourceTree = "<group>";
			versionGroupType = wrapper.xcdatamodel;
		};
/* End XCVersionGroup section */
	};
	rootObject = 130AB0E62A1C45AC00FD0B69 /* Project object */;
}
